// !$*UTF8*$!
{
	archiveVersion = 1;
	classes = {
	};
	objectVersion = 77;
	objects = {

/* Begin PBXContainerItemProxy section */
		B711A16F2D08C7380074BFA9 /* PBXContainerItemProxy */ = {
			isa = PBXContainerItemProxy;
			containerPortal = B711A1562D08C7340074BFA9 /* Project object */;
			proxyType = 1;
			remoteGlobalIDString = B711A15D2D08C7340074BFA9;
			remoteInfo = "Exercise Enforcer Phone";
		};
		B711A1792D08C7380074BFA9 /* PBXContainerItemProxy */ = {
			isa = PBXContainerItemProxy;
			containerPortal = B711A1562D08C7340074BFA9 /* Project object */;
			proxyType = 1;
			remoteGlobalIDString = B711A15D2D08C7340074BFA9;
			remoteInfo = "Exercise Enforcer Phone";
		};
/* End PBXContainerItemProxy section */

/* Begin PBXFileReference section */
		B711A15E2D08C7340074BFA9 /* Exercise Enforcer Phone.app */ = {isa = PBXFileReference; explicitFileType = wrapper.application; includeInIndex = 0; path = "Exercise Enforcer Phone.app"; sourceTree = BUILT_PRODUCTS_DIR; };
		B711A16E2D08C7380074BFA9 /* Exercise Enforcer PhoneTests.xctest */ = {isa = PBXFileReference; explicitFileType = wrapper.cfbundle; includeInIndex = 0; path = "Exercise Enforcer PhoneTests.xctest"; sourceTree = BUILT_PRODUCTS_DIR; };
		B711A1782D08C7380074BFA9 /* Exercise Enforcer PhoneUITests.xctest */ = {isa = PBXFileReference; explicitFileType = wrapper.cfbundle; includeInIndex = 0; path = "Exercise Enforcer PhoneUITests.xctest"; sourceTree = BUILT_PRODUCTS_DIR; };
/* End PBXFileReference section */

/* Begin PBXFileSystemSynchronizedRootGroup section */
		B711A1602D08C7340074BFA9 /* Exercise Enforcer Phone */ = {
			isa = PBXFileSystemSynchronizedRootGroup;
			path = "Exercise Enforcer Phone";
			sourceTree = "<group>";
		};
		B711A1712D08C7380074BFA9 /* Exercise Enforcer PhoneTests */ = {
			isa = PBXFileSystemSynchronizedRootGroup;
			path = "Exercise Enforcer PhoneTests";
			sourceTree = "<group>";
		};
		B711A17B2D08C7380074BFA9 /* Exercise Enforcer PhoneUITests */ = {
			isa = PBXFileSystemSynchronizedRootGroup;
			path = "Exercise Enforcer PhoneUITests";
			sourceTree = "<group>";
		};
/* End PBXFileSystemSynchronizedRootGroup section */

/* Begin PBXFrameworksBuildPhase section */
		B711A15B2D08C7340074BFA9 /* Frameworks */ = {
			isa = PBXFrameworksBuildPhase;
			buildActionMask = 2147483647;
			files = (
			);
			runOnlyForDeploymentPostprocessing = 0;
		};
		B711A16B2D08C7380074BFA9 /* Frameworks */ = {
			isa = PBXFrameworksBuildPhase;
			buildActionMask = 2147483647;
			files = (
			);
			runOnlyForDeploymentPostprocessing = 0;
		};
		B711A1752D08C7380074BFA9 /* Frameworks */ = {
			isa = PBXFrameworksBuildPhase;
			buildActionMask = 2147483647;
			files = (
			);
			runOnlyForDeploymentPostprocessing = 0;
		};
/* End PBXFrameworksBuildPhase section */

/* Begin PBXGroup section */
		B711A1552D08C7340074BFA9 = {
			isa = PBXGroup;
			children = (
				B711A1602D08C7340074BFA9 /* Exercise Enforcer Phone */,
				B711A1712D08C7380074BFA9 /* Exercise Enforcer PhoneTests */,
				B711A17B2D08C7380074BFA9 /* Exercise Enforcer PhoneUITests */,
				B711A15F2D08C7340074BFA9 /* Products */,
			);
			sourceTree = "<group>";
		};
		B711A15F2D08C7340074BFA9 /* Products */ = {
			isa = PBXGroup;
			children = (
				B711A15E2D08C7340074BFA9 /* Exercise Enforcer Phone.app */,
				B711A16E2D08C7380074BFA9 /* Exercise Enforcer PhoneTests.xctest */,
				B711A1782D08C7380074BFA9 /* Exercise Enforcer PhoneUITests.xctest */,
			);
			name = Products;
			sourceTree = "<group>";
		};
/* End PBXGroup section */

/* Begin PBXNativeTarget section */
		B711A15D2D08C7340074BFA9 /* Exercise Enforcer Phone */ = {
			isa = PBXNativeTarget;
			buildConfigurationList = B711A1822D08C7380074BFA9 /* Build configuration list for PBXNativeTarget "Exercise Enforcer Phone" */;
			buildPhases = (
				B711A15A2D08C7340074BFA9 /* Sources */,
				B711A15B2D08C7340074BFA9 /* Frameworks */,
				B711A15C2D08C7340074BFA9 /* Resources */,
			);
			buildRules = (
			);
			dependencies = (
			);
			fileSystemSynchronizedGroups = (
				B711A1602D08C7340074BFA9 /* Exercise Enforcer Phone */,
			);
			name = "Exercise Enforcer Phone";
			packageProductDependencies = (
			);
			productName = "Exercise Enforcer Phone";
			productReference = B711A15E2D08C7340074BFA9 /* Exercise Enforcer Phone.app */;
			productType = "com.apple.product-type.application";
		};
		B711A16D2D08C7380074BFA9 /* Exercise Enforcer PhoneTests */ = {
			isa = PBXNativeTarget;
			buildConfigurationList = B711A1852D08C7380074BFA9 /* Build configuration list for PBXNativeTarget "Exercise Enforcer PhoneTests" */;
			buildPhases = (
				B711A16A2D08C7380074BFA9 /* Sources */,
				B711A16B2D08C7380074BFA9 /* Frameworks */,
				B711A16C2D08C7380074BFA9 /* Resources */,
			);
			buildRules = (
			);
			dependencies = (
				B711A1702D08C7380074BFA9 /* PBXTargetDependency */,
			);
			fileSystemSynchronizedGroups = (
				B711A1712D08C7380074BFA9 /* Exercise Enforcer PhoneTests */,
			);
			name = "Exercise Enforcer PhoneTests";
			packageProductDependencies = (
			);
			productName = "Exercise Enforcer PhoneTests";
			productReference = B711A16E2D08C7380074BFA9 /* Exercise Enforcer PhoneTests.xctest */;
			productType = "com.apple.product-type.bundle.unit-test";
		};
		B711A1772D08C7380074BFA9 /* Exercise Enforcer PhoneUITests */ = {
			isa = PBXNativeTarget;
			buildConfigurationList = B711A1882D08C7380074BFA9 /* Build configuration list for PBXNativeTarget "Exercise Enforcer PhoneUITests" */;
			buildPhases = (
				B711A1742D08C7380074BFA9 /* Sources */,
				B711A1752D08C7380074BFA9 /* Frameworks */,
				B711A1762D08C7380074BFA9 /* Resources */,
			);
			buildRules = (
			);
			dependencies = (
				B711A17A2D08C7380074BFA9 /* PBXTargetDependency */,
			);
			fileSystemSynchronizedGroups = (
				B711A17B2D08C7380074BFA9 /* Exercise Enforcer PhoneUITests */,
			);
			name = "Exercise Enforcer PhoneUITests";
			packageProductDependencies = (
			);
			productName = "Exercise Enforcer PhoneUITests";
			productReference = B711A1782D08C7380074BFA9 /* Exercise Enforcer PhoneUITests.xctest */;
			productType = "com.apple.product-type.bundle.ui-testing";
		};
/* End PBXNativeTarget section */

/* Begin PBXProject section */
		B711A1562D08C7340074BFA9 /* Project object */ = {
			isa = PBXProject;
			attributes = {
				BuildIndependentTargetsInParallel = 1;
				LastSwiftUpdateCheck = 1610;
				LastUpgradeCheck = 1610;
				TargetAttributes = {
					B711A15D2D08C7340074BFA9 = {
						CreatedOnToolsVersion = 16.1;
					};
					B711A16D2D08C7380074BFA9 = {
						CreatedOnToolsVersion = 16.1;
						TestTargetID = B711A15D2D08C7340074BFA9;
					};
					B711A1772D08C7380074BFA9 = {
						CreatedOnToolsVersion = 16.1;
						TestTargetID = B711A15D2D08C7340074BFA9;
					};
				};
			};
			buildConfigurationList = B711A1592D08C7340074BFA9 /* Build configuration list for PBXProject "Exercise Enforcer Phone" */;
			developmentRegion = en;
			hasScannedForEncodings = 0;
			knownRegions = (
				en,
				Base,
			);
			mainGroup = B711A1552D08C7340074BFA9;
			minimizedProjectReferenceProxies = 1;
			preferredProjectObjectVersion = 77;
			productRefGroup = B711A15F2D08C7340074BFA9 /* Products */;
			projectDirPath = "";
			projectRoot = "";
			targets = (
				B711A15D2D08C7340074BFA9 /* Exercise Enforcer Phone */,
				B711A16D2D08C7380074BFA9 /* Exercise Enforcer PhoneTests */,
				B711A1772D08C7380074BFA9 /* Exercise Enforcer PhoneUITests */,
			);
		};
/* End PBXProject section */

/* Begin PBXResourcesBuildPhase section */
		B711A15C2D08C7340074BFA9 /* Resources */ = {
			isa = PBXResourcesBuildPhase;
			buildActionMask = 2147483647;
			files = (
			);
			runOnlyForDeploymentPostprocessing = 0;
		};
		B711A16C2D08C7380074BFA9 /* Resources */ = {
			isa = PBXResourcesBuildPhase;
			buildActionMask = 2147483647;
			files = (
			);
			runOnlyForDeploymentPostprocessing = 0;
		};
		B711A1762D08C7380074BFA9 /* Resources */ = {
			isa = PBXResourcesBuildPhase;
			buildActionMask = 2147483647;
			files = (
			);
			runOnlyForDeploymentPostprocessing = 0;
		};
/* End PBXResourcesBuildPhase section */

/* Begin PBXSourcesBuildPhase section */
		B711A15A2D08C7340074BFA9 /* Sources */ = {
			isa = PBXSourcesBuildPhase;
			buildActionMask = 2147483647;
			files = (
			);
			runOnlyForDeploymentPostprocessing = 0;
		};
		B711A16A2D08C7380074BFA9 /* Sources */ = {
			isa = PBXSourcesBuildPhase;
			buildActionMask = 2147483647;
			files = (
			);
			runOnlyForDeploymentPostprocessing = 0;
		};
		B711A1742D08C7380074BFA9 /* Sources */ = {
			isa = PBXSourcesBuildPhase;
			buildActionMask = 2147483647;
			files = (
			);
			runOnlyForDeploymentPostprocessing = 0;
		};
/* End PBXSourcesBuildPhase section */

/* Begin PBXTargetDependency section */
		B711A1702D08C7380074BFA9 /* PBXTargetDependency */ = {
			isa = PBXTargetDependency;
			target = B711A15D2D08C7340074BFA9 /* Exercise Enforcer Phone */;
			targetProxy = B711A16F2D08C7380074BFA9 /* PBXContainerItemProxy */;
		};
		B711A17A2D08C7380074BFA9 /* PBXTargetDependency */ = {
			isa = PBXTargetDependency;
			target = B711A15D2D08C7340074BFA9 /* Exercise Enforcer Phone */;
			targetProxy = B711A1792D08C7380074BFA9 /* PBXContainerItemProxy */;
		};
/* End PBXTargetDependency section */

/* Begin XCBuildConfiguration section */
		B711A1802D08C7380074BFA9 /* Debug */ = {
			isa = XCBuildConfiguration;
			buildSettings = {
				ALWAYS_SEARCH_USER_PATHS = NO;
				ASSETCATALOG_COMPILER_GENERATE_SWIFT_ASSET_SYMBOL_EXTENSIONS = YES;
				CLANG_ANALYZER_NONNULL = YES;
				CLANG_ANALYZER_NUMBER_OBJECT_CONVERSION = YES_AGGRESSIVE;
				CLANG_CXX_LANGUAGE_STANDARD = "gnu++20";
				CLANG_ENABLE_MODULES = YES;
				CLANG_ENABLE_OBJC_ARC = YES;
				CLANG_ENABLE_OBJC_WEAK = YES;
				CLANG_WARN_BLOCK_CAPTURE_AUTORELEASING = YES;
				CLANG_WARN_BOOL_CONVERSION = YES;
				CLANG_WARN_COMMA = YES;
				CLANG_WARN_CONSTANT_CONVERSION = YES;
				CLANG_WARN_DEPRECATED_OBJC_IMPLEMENTATIONS = YES;
				CLANG_WARN_DIRECT_OBJC_ISA_USAGE = YES_ERROR;
				CLANG_WARN_DOCUMENTATION_COMMENTS = YES;
				CLANG_WARN_EMPTY_BODY = YES;
				CLANG_WARN_ENUM_CONVERSION = YES;
				CLANG_WARN_INFINITE_RECURSION = YES;
				CLANG_WARN_INT_CONVERSION = YES;
				CLANG_WARN_NON_LITERAL_NULL_CONVERSION = YES;
				CLANG_WARN_OBJC_IMPLICIT_RETAIN_SELF = YES;
				CLANG_WARN_OBJC_LITERAL_CONVERSION = YES;
				CLANG_WARN_OBJC_ROOT_CLASS = YES_ERROR;
				CLANG_WARN_QUOTED_INCLUDE_IN_FRAMEWORK_HEADER = YES;
				CLANG_WARN_RANGE_LOOP_ANALYSIS = YES;
				CLANG_WARN_STRICT_PROTOTYPES = YES;
				CLANG_WARN_SUSPICIOUS_MOVE = YES;
				CLANG_WARN_UNGUARDED_AVAILABILITY = YES_AGGRESSIVE;
				CLANG_WARN_UNREACHABLE_CODE = YES;
				CLANG_WARN__DUPLICATE_METHOD_MATCH = YES;
				COPY_PHASE_STRIP = NO;
				DEBUG_INFORMATION_FORMAT = dwarf;
				ENABLE_STRICT_OBJC_MSGSEND = YES;
				ENABLE_TESTABILITY = YES;
				ENABLE_USER_SCRIPT_SANDBOXING = YES;
				GCC_C_LANGUAGE_STANDARD = gnu17;
				GCC_DYNAMIC_NO_PIC = NO;
				GCC_NO_COMMON_BLOCKS = YES;
				GCC_OPTIMIZATION_LEVEL = 0;
				GCC_PREPROCESSOR_DEFINITIONS = (
					"DEBUG=1",
					"$(inherited)",
				);
				GCC_WARN_64_TO_32_BIT_CONVERSION = YES;
				GCC_WARN_ABOUT_RETURN_TYPE = YES_ERROR;
				GCC_WARN_UNDECLARED_SELECTOR = YES;
				GCC_WARN_UNINITIALIZED_AUTOS = YES_AGGRESSIVE;
				GCC_WARN_UNUSED_FUNCTION = YES;
				GCC_WARN_UNUSED_VARIABLE = YES;
				IPHONEOS_DEPLOYMENT_TARGET = 18.1;
				LOCALIZATION_PREFERS_STRING_CATALOGS = YES;
				MTL_ENABLE_DEBUG_INFO = INCLUDE_SOURCE;
				MTL_FAST_MATH = YES;
				ONLY_ACTIVE_ARCH = YES;
				SDKROOT = iphoneos;
				SWIFT_ACTIVE_COMPILATION_CONDITIONS = "DEBUG $(inherited)";
				SWIFT_OPTIMIZATION_LEVEL = "-Onone";
			};
			name = Debug;
		};
		B711A1812D08C7380074BFA9 /* Release */ = {
			isa = XCBuildConfiguration;
			buildSettings = {
				ALWAYS_SEARCH_USER_PATHS = NO;
				ASSETCATALOG_COMPILER_GENERATE_SWIFT_ASSET_SYMBOL_EXTENSIONS = YES;
				CLANG_ANALYZER_NONNULL = YES;
				CLANG_ANALYZER_NUMBER_OBJECT_CONVERSION = YES_AGGRESSIVE;
				CLANG_CXX_LANGUAGE_STANDARD = "gnu++20";
				CLANG_ENABLE_MODULES = YES;
				CLANG_ENABLE_OBJC_ARC = YES;
				CLANG_ENABLE_OBJC_WEAK = YES;
				CLANG_WARN_BLOCK_CAPTURE_AUTORELEASING = YES;
				CLANG_WARN_BOOL_CONVERSION = YES;
				CLANG_WARN_COMMA = YES;
				CLANG_WARN_CONSTANT_CONVERSION = YES;
				CLANG_WARN_DEPRECATED_OBJC_IMPLEMENTATIONS = YES;
				CLANG_WARN_DIRECT_OBJC_ISA_USAGE = YES_ERROR;
				CLANG_WARN_DOCUMENTATION_COMMENTS = YES;
				CLANG_WARN_EMPTY_BODY = YES;
				CLANG_WARN_ENUM_CONVERSION = YES;
				CLANG_WARN_INFINITE_RECURSION = YES;
				CLANG_WARN_INT_CONVERSION = YES;
				CLANG_WARN_NON_LITERAL_NULL_CONVERSION = YES;
				CLANG_WARN_OBJC_IMPLICIT_RETAIN_SELF = YES;
				CLANG_WARN_OBJC_LITERAL_CONVERSION = YES;
				CLANG_WARN_OBJC_ROOT_CLASS = YES_ERROR;
				CLANG_WARN_QUOTED_INCLUDE_IN_FRAMEWORK_HEADER = YES;
				CLANG_WARN_RANGE_LOOP_ANALYSIS = YES;
				CLANG_WARN_STRICT_PROTOTYPES = YES;
				CLANG_WARN_SUSPICIOUS_MOVE = YES;
				CLANG_WARN_UNGUARDED_AVAILABILITY = YES_AGGRESSIVE;
				CLANG_WARN_UNREACHABLE_CODE = YES;
				CLANG_WARN__DUPLICATE_METHOD_MATCH = YES;
				COPY_PHASE_STRIP = NO;
				DEBUG_INFORMATION_FORMAT = "dwarf-with-dsym";
				ENABLE_NS_ASSERTIONS = NO;
				ENABLE_STRICT_OBJC_MSGSEND = YES;
				ENABLE_USER_SCRIPT_SANDBOXING = YES;
				GCC_C_LANGUAGE_STANDARD = gnu17;
				GCC_NO_COMMON_BLOCKS = YES;
				GCC_WARN_64_TO_32_BIT_CONVERSION = YES;
				GCC_WARN_ABOUT_RETURN_TYPE = YES_ERROR;
				GCC_WARN_UNDECLARED_SELECTOR = YES;
				GCC_WARN_UNINITIALIZED_AUTOS = YES_AGGRESSIVE;
				GCC_WARN_UNUSED_FUNCTION = YES;
				GCC_WARN_UNUSED_VARIABLE = YES;
				IPHONEOS_DEPLOYMENT_TARGET = 18.1;
				LOCALIZATION_PREFERS_STRING_CATALOGS = YES;
				MTL_ENABLE_DEBUG_INFO = NO;
				MTL_FAST_MATH = YES;
				SDKROOT = iphoneos;
				SWIFT_COMPILATION_MODE = wholemodule;
				VALIDATE_PRODUCT = YES;
			};
			name = Release;
		};
		B711A1832D08C7380074BFA9 /* Debug */ = {
			isa = XCBuildConfiguration;
			buildSettings = {
				ASSETCATALOG_COMPILER_APPICON_NAME = AppIcon;
				ASSETCATALOG_COMPILER_GLOBAL_ACCENT_COLOR_NAME = AccentColor;
				CODE_SIGN_ENTITLEMENTS = "Exercise Enforcer Phone/Exercise Enforcer Phone.entitlements";
				CODE_SIGN_STYLE = Automatic;
				CURRENT_PROJECT_VERSION = 1;
				DEVELOPMENT_ASSET_PATHS = "\"Exercise Enforcer Phone/Preview Content\"";
				DEVELOPMENT_TEAM = 2NT9K7P4Q7;
				ENABLE_PREVIEWS = YES;
				GENERATE_INFOPLIST_FILE = YES;
				INFOPLIST_FILE = "Exercise-Enforcer-Phone-Info.plist";
				INFOPLIST_KEY_NSHealthShareUsageDescription = "Gets heart rate to play or pause media";
				INFOPLIST_KEY_NSHealthUpdateUsageDescription = "Gets heart rate to play or pause media";
				INFOPLIST_KEY_UIApplicationSceneManifest_Generation = YES;
				INFOPLIST_KEY_UIApplicationSupportsIndirectInputEvents = YES;
				INFOPLIST_KEY_UILaunchScreen_Generation = YES;
				INFOPLIST_KEY_UISupportedInterfaceOrientations_iPad = "UIInterfaceOrientationPortrait UIInterfaceOrientationPortraitUpsideDown UIInterfaceOrientationLandscapeLeft UIInterfaceOrientationLandscapeRight";
				INFOPLIST_KEY_UISupportedInterfaceOrientations_iPhone = "UIInterfaceOrientationPortrait UIInterfaceOrientationLandscapeLeft UIInterfaceOrientationLandscapeRight";
				LD_RUNPATH_SEARCH_PATHS = (
					"$(inherited)",
					"@executable_path/Frameworks",
				);
				MARKETING_VERSION = 1.0;
				PRODUCT_BUNDLE_IDENTIFIER = "rstrat-games.Exercise-Enforcer-Phone";
				PRODUCT_NAME = "$(TARGET_NAME)";
				SWIFT_EMIT_LOC_STRINGS = YES;
				SWIFT_VERSION = 5.0;
				TARGETED_DEVICE_FAMILY = "1,2";
			};
			name = Debug;
		};
		B711A1842D08C7380074BFA9 /* Release */ = {
			isa = XCBuildConfiguration;
			buildSettings = {
				ASSETCATALOG_COMPILER_APPICON_NAME = AppIcon;
				ASSETCATALOG_COMPILER_GLOBAL_ACCENT_COLOR_NAME = AccentColor;
				CODE_SIGN_ENTITLEMENTS = "Exercise Enforcer Phone/Exercise Enforcer Phone.entitlements";
				CODE_SIGN_STYLE = Automatic;
				CURRENT_PROJECT_VERSION = 1;
				DEVELOPMENT_ASSET_PATHS = "\"Exercise Enforcer Phone/Preview Content\"";
				DEVELOPMENT_TEAM = 2NT9K7P4Q7;
				ENABLE_PREVIEWS = YES;
				GENERATE_INFOPLIST_FILE = YES;
				INFOPLIST_FILE = "Exercise-Enforcer-Phone-Info.plist";
				INFOPLIST_KEY_NSHealthShareUsageDescription = "Gets heart rate to play or pause media";
				INFOPLIST_KEY_NSHealthUpdateUsageDescription = "Gets heart rate to play or pause media";
				INFOPLIST_KEY_UIApplicationSceneManifest_Generation = YES;
				INFOPLIST_KEY_UIApplicationSupportsIndirectInputEvents = YES;
				INFOPLIST_KEY_UILaunchScreen_Generation = YES;
				INFOPLIST_KEY_UISupportedInterfaceOrientations_iPad = "UIInterfaceOrientationPortrait UIInterfaceOrientationPortraitUpsideDown UIInterfaceOrientationLandscapeLeft UIInterfaceOrientationLandscapeRight";
				INFOPLIST_KEY_UISupportedInterfaceOrientations_iPhone = "UIInterfaceOrientationPortrait UIInterfaceOrientationLandscapeLeft UIInterfaceOrientationLandscapeRight";
				LD_RUNPATH_SEARCH_PATHS = (
					"$(inherited)",
					"@executable_path/Frameworks",
				);
				MARKETING_VERSION = 1.0;
				PRODUCT_BUNDLE_IDENTIFIER = "rstrat-games.Exercise-Enforcer-Phone";
				PRODUCT_NAME = "$(TARGET_NAME)";
				SWIFT_EMIT_LOC_STRINGS = YES;
				SWIFT_VERSION = 5.0;
				TARGETED_DEVICE_FAMILY = "1,2";
			};
			name = Release;
		};
		B711A1862D08C7380074BFA9 /* Debug */ = {
			isa = XCBuildConfiguration;
			buildSettings = {
				BUNDLE_LOADER = "$(TEST_HOST)";
				CODE_SIGN_STYLE = Automatic;
				CURRENT_PROJECT_VERSION = 1;
				GENERATE_INFOPLIST_FILE = YES;
				IPHONEOS_DEPLOYMENT_TARGET = 18.1;
				MARKETING_VERSION = 1.0;
				PRODUCT_BUNDLE_IDENTIFIER = "rstrat-games.Exercise-Enforcer-PhoneTests";
				PRODUCT_NAME = "$(TARGET_NAME)";
				SWIFT_EMIT_LOC_STRINGS = NO;
				SWIFT_VERSION = 5.0;
				TARGETED_DEVICE_FAMILY = "1,2";
				TEST_HOST = "$(BUILT_PRODUCTS_DIR)/Exercise Enforcer Phone.app/$(BUNDLE_EXECUTABLE_FOLDER_PATH)/Exercise Enforcer Phone";
			};
			name = Debug;
		};
		B711A1872D08C7380074BFA9 /* Release */ = {
			isa = XCBuildConfiguration;
			buildSettings = {
				BUNDLE_LOADER = "$(TEST_HOST)";
				CODE_SIGN_STYLE = Automatic;
				CURRENT_PROJECT_VERSION = 1;
				GENERATE_INFOPLIST_FILE = YES;
				IPHONEOS_DEPLOYMENT_TARGET = 18.1;
				MARKETING_VERSION = 1.0;
				PRODUCT_BUNDLE_IDENTIFIER = "rstrat-games.Exercise-Enforcer-PhoneTests";
				PRODUCT_NAME = "$(TARGET_NAME)";
				SWIFT_EMIT_LOC_STRINGS = NO;
				SWIFT_VERSION = 5.0;
				TARGETED_DEVICE_FAMILY = "1,2";
				TEST_HOST = "$(BUILT_PRODUCTS_DIR)/Exercise Enforcer Phone.app/$(BUNDLE_EXECUTABLE_FOLDER_PATH)/Exercise Enforcer Phone";
			};
			name = Release;
		};
		B711A1892D08C7380074BFA9 /* Debug */ = {
			isa = XCBuildConfiguration;
			buildSettings = {
				CODE_SIGN_STYLE = Automatic;
				CURRENT_PROJECT_VERSION = 1;
				GENERATE_INFOPLIST_FILE = YES;
				MARKETING_VERSION = 1.0;
				PRODUCT_BUNDLE_IDENTIFIER = "rstrat-games.Exercise-Enforcer-PhoneUITests";
				PRODUCT_NAME = "$(TARGET_NAME)";
				SWIFT_EMIT_LOC_STRINGS = NO;
				SWIFT_VERSION = 5.0;
				TARGETED_DEVICE_FAMILY = "1,2";
				TEST_TARGET_NAME = "Exercise Enforcer Phone";
			};
			name = Debug;
		};
		B711A18A2D08C7380074BFA9 /* Release */ = {
			isa = XCBuildConfiguration;
			buildSettings = {
				CODE_SIGN_STYLE = Automatic;
				CURRENT_PROJECT_VERSION = 1;
				GENERATE_INFOPLIST_FILE = YES;
				MARKETING_VERSION = 1.0;
				PRODUCT_BUNDLE_IDENTIFIER = "rstrat-games.Exercise-Enforcer-PhoneUITests";
				PRODUCT_NAME = "$(TARGET_NAME)";
				SWIFT_EMIT_LOC_STRINGS = NO;
				SWIFT_VERSION = 5.0;
				TARGETED_DEVICE_FAMILY = "1,2";
				TEST_TARGET_NAME = "Exercise Enforcer Phone";
			};
			name = Release;
		};
/* End XCBuildConfiguration section */

/* Begin XCConfigurationList section */
		B711A1592D08C7340074BFA9 /* Build configuration list for PBXProject "Exercise Enforcer Phone" */ = {
			isa = XCConfigurationList;
			buildConfigurations = (
				B711A1802D08C7380074BFA9 /* Debug */,
				B711A1812D08C7380074BFA9 /* Release */,
			);
			defaultConfigurationIsVisible = 0;
			defaultConfigurationName = Release;
		};
		B711A1822D08C7380074BFA9 /* Build configuration list for PBXNativeTarget "Exercise Enforcer Phone" */ = {
			isa = XCConfigurationList;
			buildConfigurations = (
				B711A1832D08C7380074BFA9 /* Debug */,
				B711A1842D08C7380074BFA9 /* Release */,
			);
			defaultConfigurationIsVisible = 0;
			defaultConfigurationName = Release;
		};
		B711A1852D08C7380074BFA9 /* Build configuration list for PBXNativeTarget "Exercise Enforcer PhoneTests" */ = {
			isa = XCConfigurationList;
			buildConfigurations = (
				B711A1862D08C7380074BFA9 /* Debug */,
				B711A1872D08C7380074BFA9 /* Release */,
			);
			defaultConfigurationIsVisible = 0;
			defaultConfigurationName = Release;
		};
		B711A1882D08C7380074BFA9 /* Build configuration list for PBXNativeTarget "Exercise Enforcer PhoneUITests" */ = {
			isa = XCConfigurationList;
			buildConfigurations = (
				B711A1892D08C7380074BFA9 /* Debug */,
				B711A18A2D08C7380074BFA9 /* Release */,
			);
			defaultConfigurationIsVisible = 0;
			defaultConfigurationName = Release;
		};
/* End XCConfigurationList section */
	};
	rootObject = B711A1562D08C7340074BFA9 /* Project object */;
}
